<?xml version="1.0" encoding="UTF-8"?>
<Scheme
   LastUpgradeVersion = "1600"
   version = "1.7">
   <BuildAction
      parallelizeBuildables = "YES"
      buildImplicitDependencies = "YES"
      buildArchitectures = "Automatic">
      <BuildActionEntries>
         <BuildActionEntry
            buildForTesting = "YES"
            buildForRunning = "YES"
            buildForProfiling = "YES"
            buildForArchiving = "YES"
            buildForAnalyzing = "YES">
            <BuildableReference
               BuildableIdentifier = "primary"
               BlueprintIdentifier = "B07A0DC02C466667008C0DA1"
               BuildableName = "DataPunk.app"
               BlueprintName = "DataPunk"
               ReferencedContainer = "container:DataPunk.xcodeproj">
            </BuildableReference>
         </BuildActionEntry>
      </BuildActionEntries>
   </BuildAction>
   <TestAction
      buildConfiguration = "Debug"
      selectedDebuggerIdentifier = "Xcode.DebuggerFoundation.Debugger.LLDB"
      selectedLauncherIdentifier = "Xcode.DebuggerFoundation.Launcher.LLDB"
      shouldUseLaunchSchemeArgsEnv = "YES"
      shouldAutocreateTestPlan = "YES">
      <Testables>
         <TestableReference
            skipped = "NO"
            parallelizable = "YES">
            <BuildableReference
               BuildableIdentifier = "primary"
               BlueprintIdentifier = "B07A0DD22C466668008C0DA1"
               BuildableName = "DataPunkTests.xctest"
               BlueprintName = "DataPunkTests"
               ReferencedContainer = "container:DataPunk.xcodeproj">
            </BuildableReference>
         </TestableReference>
         <TestableReference
            skipped = "NO"
            parallelizable = "YES">
            <BuildableReference
               BuildableIdentifier = "primary"
               BlueprintIdentifier = "B07A0DDC2C466668008C0DA1"
               BuildableName = "DataPunkUITests.xctest"
               BlueprintName = "DataPunkUITests"
               ReferencedContainer = "container:DataPunk.xcodeproj">
            </BuildableReference>
         </TestableReference>
      </Testables>
   </TestAction>
   <LaunchAction
      buildConfiguration = "Release"
      selectedDebuggerIdentifier = "Xcode.DebuggerFoundation.Debugger.LLDB"
      selectedLauncherIdentifier = "Xcode.DebuggerFoundation.Launcher.LLDB"
      enableASanStackUseAfterReturn = "YES"
      launchStyle = "0"
      useCustomWorkingDirectory = "NO"
      ignoresPersistentStateOnLaunch = "NO"
      debugDocumentVersioning = "YES"
      debugServiceExtension = "internal"
      allowLocationSimulation = "YES">
      <BuildableProductRunnable
         runnableDebuggingMode = "0">
         <BuildableReference
            BuildableIdentifier = "primary"
            BlueprintIdentifier = "B07A0DC02C466667008C0DA1"
            BuildableName = "DataPunk.app"
            BlueprintName = "DataPunk"
            ReferencedContainer = "container:DataPunk.xcodeproj">
         </BuildableReference>
      </BuildableProductRunnable>
      <EnvironmentVariables>
         <EnvironmentVariable
            key = "INFURA_URL"
            value = "https://sepolia.infura.io/v3/17af3efa679b4a63a0dcba8c064e6b5d"
            isEnabled = "YES">
         </EnvironmentVariable>
         <EnvironmentVariable
            key = "KV_BASE_URL"
            value = "https://funky-poodle-51589.upstash.io"
            isEnabled = "YES">
         </EnvironmentVariable>
         <EnvironmentVariable
            key = "KV_REST_RO_TOKEN"
            value = "AsmFAAIgcDGVAwzb7OlqtExEQdpucirEbAvc0tcauENPaTyBnrJPNw"
            isEnabled = "YES">
         </EnvironmentVariable>
      </EnvironmentVariables>
   </LaunchAction>
   <ProfileAction
      buildConfiguration = "Release"
      shouldUseLaunchSchemeArgsEnv = "YES"
      savedToolIdentifier = ""
      useCustomWorkingDirectory = "NO"
      debugDocumentVersioning = "YES">
      <BuildableProductRunnable
         runnableDebuggingMode = "0">
         <BuildableReference
            BuildableIdentifier = "primary"
            BlueprintIdentifier = "B07A0DC02C466667008C0DA1"
            BuildableName = "DataPunk.app"
            BlueprintName = "DataPunk"
            ReferencedContainer = "container:DataPunk.xcodeproj">
         </BuildableReference>
      </BuildableProductRunnable>
   </ProfileAction>
   <AnalyzeAction
      buildConfiguration = "Debug">
   </AnalyzeAction>
   <ArchiveAction
      buildConfiguration = "Release"
      revealArchiveInOrganizer = "YES">
   </ArchiveAction>
</Scheme>
