// !$*UTF8*$!
{
	archiveVersion = 1;
	classes = {
	};
	objectVersion = 60;
	objects = {

/* Begin PBXBuildFile section */
		B0380AA72C48099A0098443E /* web3swift in Frameworks */ = {isa = PBXBuildFile; productRef = B0380AA62C48099A0098443E /* web3swift */; };
		B0380AA92C48A8AA0098443E /* DataNFTContract.json in Resources */ = {isa = PBXBuildFile; fileRef = B0380AA82C48A8AA0098443E /* DataNFTContract.json */; };
		B0380AAB2C48E1410098443E /* ChainProxy.swift in Sources */ = {isa = PBXBuildFile; fileRef = B0380AAA2C48E1410098443E /* ChainProxy.swift */; };
		B0380AAC2C48E1410098443E /* ChainProxy.swift in Sources */ = {isa = PBXBuildFile; fileRef = B0380AAA2C48E1410098443E /* ChainProxy.swift */; };
		B050ECCD2C46DC6B008D0B8A /* MyData.swift in Sources */ = {isa = PBXBuildFile; fileRef = B050ECCC2C46DC6B008D0B8A /* MyData.swift */; };
		B050ECCE2C46DC6B008D0B8A /* MyData.swift in Sources */ = {isa = PBXBuildFile; fileRef = B050ECCC2C46DC6B008D0B8A /* MyData.swift */; };
		B050ECD02C46E0C4008D0B8A /* OverallChart.swift in Sources */ = {isa = PBXBuildFile; fileRef = B050ECCF2C46E0C4008D0B8A /* OverallChart.swift */; };
		B050ECD12C46E0C4008D0B8A /* OverallChart.swift in Sources */ = {isa = PBXBuildFile; fileRef = B050ECCF2C46E0C4008D0B8A /* OverallChart.swift */; };
		B05147E02C46845A00861795 /* HealthIntegration.swift in Sources */ = {isa = PBXBuildFile; fileRef = B05147DF2C46845A00861795 /* HealthIntegration.swift */; };
		B05147E32C46890600861795 /* StylePicker.swift in Sources */ = {isa = PBXBuildFile; fileRef = B05147E22C46890600861795 /* StylePicker.swift */; };
		B05147E42C46890600861795 /* StylePicker.swift in Sources */ = {isa = PBXBuildFile; fileRef = B05147E22C46890600861795 /* StylePicker.swift */; };
		B05147E72C468FAF00861795 /* Onboarding.swift in Sources */ = {isa = PBXBuildFile; fileRef = B05147E62C468FAF00861795 /* Onboarding.swift */; };
		B05147E82C468FAF00861795 /* Onboarding.swift in Sources */ = {isa = PBXBuildFile; fileRef = B05147E62C468FAF00861795 /* Onboarding.swift */; };
		B05147EB2C46900100861795 /* CompaignGallery.swift in Sources */ = {isa = PBXBuildFile; fileRef = B05147EA2C46900100861795 /* CompaignGallery.swift */; };
		B05147EC2C46900100861795 /* CompaignGallery.swift in Sources */ = {isa = PBXBuildFile; fileRef = B05147EA2C46900100861795 /* CompaignGallery.swift */; };
		B05147EE2C469ABC00861795 /* Buttons.swift in Sources */ = {isa = PBXBuildFile; fileRef = B05147ED2C469ABC00861795 /* Buttons.swift */; };
		B05147EF2C469ABC00861795 /* Buttons.swift in Sources */ = {isa = PBXBuildFile; fileRef = B05147ED2C469ABC00861795 /* Buttons.swift */; };
		B05147F12C469B9400861795 /* Campaign.swift in Sources */ = {isa = PBXBuildFile; fileRef = B05147F02C469B9400861795 /* Campaign.swift */; };
		B05147F22C469B9400861795 /* Campaign.swift in Sources */ = {isa = PBXBuildFile; fileRef = B05147F02C469B9400861795 /* Campaign.swift */; };
		B05147F42C469CD700861795 /* CampaignCard.swift in Sources */ = {isa = PBXBuildFile; fileRef = B05147F32C469CD700861795 /* CampaignCard.swift */; };
		B05147F52C469CD700861795 /* CampaignCard.swift in Sources */ = {isa = PBXBuildFile; fileRef = B05147F32C469CD700861795 /* CampaignCard.swift */; };
		B05147F72C46A0A500861795 /* CampaignExplained.swift in Sources */ = {isa = PBXBuildFile; fileRef = B05147F62C46A0A500861795 /* CampaignExplained.swift */; };
		B05147F82C46A0A500861795 /* CampaignExplained.swift in Sources */ = {isa = PBXBuildFile; fileRef = B05147F62C46A0A500861795 /* CampaignExplained.swift */; };
		B05147FA2C46A1D700861795 /* MainTabView.swift in Sources */ = {isa = PBXBuildFile; fileRef = B05147F92C46A1D700861795 /* MainTabView.swift */; };
		B05147FB2C46A1D700861795 /* MainTabView.swift in Sources */ = {isa = PBXBuildFile; fileRef = B05147F92C46A1D700861795 /* MainTabView.swift */; };
		B07A0DC52C466667008C0DA1 /* DataPunkApp.swift in Sources */ = {isa = PBXBuildFile; fileRef = B07A0DC42C466667008C0DA1 /* DataPunkApp.swift */; };
		B07A0DC72C466667008C0DA1 /* ContentView.swift in Sources */ = {isa = PBXBuildFile; fileRef = B07A0DC62C466667008C0DA1 /* ContentView.swift */; };
		B07A0DC92C466667008C0DA1 /* AppState.swift in Sources */ = {isa = PBXBuildFile; fileRef = B07A0DC82C466667008C0DA1 /* AppState.swift */; };
		B07A0DCB2C466668008C0DA1 /* Assets.xcassets in Resources */ = {isa = PBXBuildFile; fileRef = B07A0DCA2C466668008C0DA1 /* Assets.xcassets */; };
		B07A0DCE2C466668008C0DA1 /* Preview Assets.xcassets in Resources */ = {isa = PBXBuildFile; fileRef = B07A0DCD2C466668008C0DA1 /* Preview Assets.xcassets */; };
		B07A0DD82C466668008C0DA1 /* DataPunkTests.swift in Sources */ = {isa = PBXBuildFile; fileRef = B07A0DD72C466668008C0DA1 /* DataPunkTests.swift */; };
		B07A0DE22C466668008C0DA1 /* DataPunkUITests.swift in Sources */ = {isa = PBXBuildFile; fileRef = B07A0DE12C466668008C0DA1 /* DataPunkUITests.swift */; };
		B07A0DE42C466668008C0DA1 /* DataPunkUITestsLaunchTests.swift in Sources */ = {isa = PBXBuildFile; fileRef = B07A0DE32C466668008C0DA1 /* DataPunkUITestsLaunchTests.swift */; };
		B07A0DF52C466E63008C0DA1 /* Web3Index.swift in Sources */ = {isa = PBXBuildFile; fileRef = B07A0DF42C466E63008C0DA1 /* Web3Index.swift */; };
		B08FD70E2C6FB7E5002B391C /* DeviceCheckView.swift in Sources */ = {isa = PBXBuildFile; fileRef = B08FD70D2C6FB7E5002B391C /* DeviceCheckView.swift */; };
		B08FD70F2C6FB7E5002B391C /* DeviceCheckView.swift in Sources */ = {isa = PBXBuildFile; fileRef = B08FD70D2C6FB7E5002B391C /* DeviceCheckView.swift */; };
		B08FD7102C6FB7E5002B391C /* DeviceCheckView.swift in Sources */ = {isa = PBXBuildFile; fileRef = B08FD70D2C6FB7E5002B391C /* DeviceCheckView.swift */; };
		B08FD7122C709169002B391C /* DeviceCheck.swift in Sources */ = {isa = PBXBuildFile; fileRef = B08FD7112C709169002B391C /* DeviceCheck.swift */; };
		B08FD7132C709169002B391C /* DeviceCheck.swift in Sources */ = {isa = PBXBuildFile; fileRef = B08FD7112C709169002B391C /* DeviceCheck.swift */; };
		B08FD7142C709169002B391C /* DeviceCheck.swift in Sources */ = {isa = PBXBuildFile; fileRef = B08FD7112C709169002B391C /* DeviceCheck.swift */; };
		B08FD7172C70F6C5002B391C /* String.swift in Sources */ = {isa = PBXBuildFile; fileRef = B08FD7162C70F6C5002B391C /* String.swift */; };
		B08FD7182C70F6C5002B391C /* String.swift in Sources */ = {isa = PBXBuildFile; fileRef = B08FD7162C70F6C5002B391C /* String.swift */; };
		B08FD7192C70F6C5002B391C /* String.swift in Sources */ = {isa = PBXBuildFile; fileRef = B08FD7162C70F6C5002B391C /* String.swift */; };
		B08FD71B2C712595002B391C /* DataPublished.swift in Sources */ = {isa = PBXBuildFile; fileRef = B08FD71A2C712595002B391C /* DataPublished.swift */; };
		B08FD71C2C712595002B391C /* DataPublished.swift in Sources */ = {isa = PBXBuildFile; fileRef = B08FD71A2C712595002B391C /* DataPublished.swift */; };
		B08FD71D2C712595002B391C /* DataPublished.swift in Sources */ = {isa = PBXBuildFile; fileRef = B08FD71A2C712595002B391C /* DataPublished.swift */; };
		B0B490E92C46800D00B4B83C /* KeychainSwift in Frameworks */ = {isa = PBXBuildFile; productRef = B0B490E82C46800D00B4B83C /* KeychainSwift */; };
		B0D470882C46ED3A0082FE31 /* OverallParticipate.swift in Sources */ = {isa = PBXBuildFile; fileRef = B0D470872C46ED3A0082FE31 /* OverallParticipate.swift */; };
		B0D470892C46ED3A0082FE31 /* OverallParticipate.swift in Sources */ = {isa = PBXBuildFile; fileRef = B0D470872C46ED3A0082FE31 /* OverallParticipate.swift */; };
		B0D4708B2C477DBB0082FE31 /* Contract.swift in Sources */ = {isa = PBXBuildFile; fileRef = B0D4708A2C477DBB0082FE31 /* Contract.swift */; };
		B0D4708C2C477DBB0082FE31 /* Contract.swift in Sources */ = {isa = PBXBuildFile; fileRef = B0D4708A2C477DBB0082FE31 /* Contract.swift */; };
		B0D4708E2C4790D70082FE31 /* Encryption.swift in Sources */ = {isa = PBXBuildFile; fileRef = B0D4708D2C4790D70082FE31 /* Encryption.swift */; };
		B0D4708F2C4790D70082FE31 /* Encryption.swift in Sources */ = {isa = PBXBuildFile; fileRef = B0D4708D2C4790D70082FE31 /* Encryption.swift */; };
		B0D470952C479C760082FE31 /* DocumentPicker.swift in Sources */ = {isa = PBXBuildFile; fileRef = B0D470942C479C760082FE31 /* DocumentPicker.swift */; };
		B0D470962C479C760082FE31 /* DocumentPicker.swift in Sources */ = {isa = PBXBuildFile; fileRef = B0D470942C479C760082FE31 /* DocumentPicker.swift */; };
		B0D470982C479FAF0082FE31 /* ReadAsset.swift in Sources */ = {isa = PBXBuildFile; fileRef = B0D470972C479FAF0082FE31 /* ReadAsset.swift */; };
		B0D470992C479FAF0082FE31 /* ReadAsset.swift in Sources */ = {isa = PBXBuildFile; fileRef = B0D470972C479FAF0082FE31 /* ReadAsset.swift */; };
		B0D4709B2C47A66B0082FE31 /* MyStats.swift in Sources */ = {isa = PBXBuildFile; fileRef = B0D4709A2C47A66B0082FE31 /* MyStats.swift */; };
		B0D4709C2C47A66B0082FE31 /* MyStats.swift in Sources */ = {isa = PBXBuildFile; fileRef = B0D4709A2C47A66B0082FE31 /* MyStats.swift */; };
		B0D4709E2C47C6FE0082FE31 /* SignContract.swift in Sources */ = {isa = PBXBuildFile; fileRef = B0D4709D2C47C6FE0082FE31 /* SignContract.swift */; };
		B0D4709F2C47C6FE0082FE31 /* SignContract.swift in Sources */ = {isa = PBXBuildFile; fileRef = B0D4709D2C47C6FE0082FE31 /* SignContract.swift */; };
		B0E123782C491DF600E13F33 /* ImportKey.swift in Sources */ = {isa = PBXBuildFile; fileRef = B0E123772C491DF600E13F33 /* ImportKey.swift */; };
		B0E123792C491DF600E13F33 /* ImportKey.swift in Sources */ = {isa = PBXBuildFile; fileRef = B0E123772C491DF600E13F33 /* ImportKey.swift */; };
/* End PBXBuildFile section */

/* Begin PBXContainerItemProxy section */
		B07A0DD42C466668008C0DA1 /* PBXContainerItemProxy */ = {
			isa = PBXContainerItemProxy;
			containerPortal = B07A0DB92C466667008C0DA1 /* Project object */;
			proxyType = 1;
			remoteGlobalIDString = B07A0DC02C466667008C0DA1;
			remoteInfo = DataPunk;
		};
		B07A0DDE2C466668008C0DA1 /* PBXContainerItemProxy */ = {
			isa = PBXContainerItemProxy;
			containerPortal = B07A0DB92C466667008C0DA1 /* Project object */;
			proxyType = 1;
			remoteGlobalIDString = B07A0DC02C466667008C0DA1;
			remoteInfo = DataPunk;
		};
/* End PBXContainerItemProxy section */

/* Begin PBXFileReference section */
		B0380AA82C48A8AA0098443E /* DataNFTContract.json */ = {isa = PBXFileReference; lastKnownFileType = text.json; path = DataNFTContract.json; sourceTree = "<group>"; };
		B0380AAA2C48E1410098443E /* ChainProxy.swift */ = {isa = PBXFileReference; lastKnownFileType = sourcecode.swift; path = ChainProxy.swift; sourceTree = "<group>"; };
		B050ECCC2C46DC6B008D0B8A /* MyData.swift */ = {isa = PBXFileReference; lastKnownFileType = sourcecode.swift; path = MyData.swift; sourceTree = "<group>"; };
		B050ECCF2C46E0C4008D0B8A /* OverallChart.swift */ = {isa = PBXFileReference; lastKnownFileType = sourcecode.swift; path = OverallChart.swift; sourceTree = "<group>"; };
		B05147DC2C4683DF00861795 /* DataPunk.entitlements */ = {isa = PBXFileReference; lastKnownFileType = text.plist.entitlements; path = DataPunk.entitlements; sourceTree = "<group>"; };
		B05147DF2C46845A00861795 /* HealthIntegration.swift */ = {isa = PBXFileReference; lastKnownFileType = sourcecode.swift; path = HealthIntegration.swift; sourceTree = "<group>"; };
		B05147E22C46890600861795 /* StylePicker.swift */ = {isa = PBXFileReference; lastKnownFileType = sourcecode.swift; path = StylePicker.swift; sourceTree = "<group>"; };
		B05147E62C468FAF00861795 /* Onboarding.swift */ = {isa = PBXFileReference; lastKnownFileType = sourcecode.swift; path = Onboarding.swift; sourceTree = "<group>"; };
		B05147EA2C46900100861795 /* CompaignGallery.swift */ = {isa = PBXFileReference; lastKnownFileType = sourcecode.swift; path = CompaignGallery.swift; sourceTree = "<group>"; };
		B05147ED2C469ABC00861795 /* Buttons.swift */ = {isa = PBXFileReference; lastKnownFileType = sourcecode.swift; path = Buttons.swift; sourceTree = "<group>"; };
		B05147F02C469B9400861795 /* Campaign.swift */ = {isa = PBXFileReference; lastKnownFileType = sourcecode.swift; path = Campaign.swift; sourceTree = "<group>"; };
		B05147F32C469CD700861795 /* CampaignCard.swift */ = {isa = PBXFileReference; lastKnownFileType = sourcecode.swift; path = CampaignCard.swift; sourceTree = "<group>"; };
		B05147F62C46A0A500861795 /* CampaignExplained.swift */ = {isa = PBXFileReference; lastKnownFileType = sourcecode.swift; path = CampaignExplained.swift; sourceTree = "<group>"; };
		B05147F92C46A1D700861795 /* MainTabView.swift */ = {isa = PBXFileReference; lastKnownFileType = sourcecode.swift; path = MainTabView.swift; sourceTree = "<group>"; };
		B07A0DC12C466667008C0DA1 /* DataPunk.app */ = {isa = PBXFileReference; explicitFileType = wrapper.application; includeInIndex = 0; path = DataPunk.app; sourceTree = BUILT_PRODUCTS_DIR; };
		B07A0DC42C466667008C0DA1 /* DataPunkApp.swift */ = {isa = PBXFileReference; lastKnownFileType = sourcecode.swift; path = DataPunkApp.swift; sourceTree = "<group>"; };
		B07A0DC62C466667008C0DA1 /* ContentView.swift */ = {isa = PBXFileReference; lastKnownFileType = sourcecode.swift; path = ContentView.swift; sourceTree = "<group>"; };
		B07A0DC82C466667008C0DA1 /* AppState.swift */ = {isa = PBXFileReference; lastKnownFileType = sourcecode.swift; path = AppState.swift; sourceTree = "<group>"; };
		B07A0DCA2C466668008C0DA1 /* Assets.xcassets */ = {isa = PBXFileReference; lastKnownFileType = folder.assetcatalog; path = Assets.xcassets; sourceTree = "<group>"; };
		B07A0DCD2C466668008C0DA1 /* Preview Assets.xcassets */ = {isa = PBXFileReference; lastKnownFileType = folder.assetcatalog; path = "Preview Assets.xcassets"; sourceTree = "<group>"; };
		B07A0DD32C466668008C0DA1 /* DataPunkTests.xctest */ = {isa = PBXFileReference; explicitFileType = wrapper.cfbundle; includeInIndex = 0; path = DataPunkTests.xctest; sourceTree = BUILT_PRODUCTS_DIR; };
		B07A0DD72C466668008C0DA1 /* DataPunkTests.swift */ = {isa = PBXFileReference; lastKnownFileType = sourcecode.swift; path = DataPunkTests.swift; sourceTree = "<group>"; };
		B07A0DDD2C466668008C0DA1 /* DataPunkUITests.xctest */ = {isa = PBXFileReference; explicitFileType = wrapper.cfbundle; includeInIndex = 0; path = DataPunkUITests.xctest; sourceTree = BUILT_PRODUCTS_DIR; };
		B07A0DE12C466668008C0DA1 /* DataPunkUITests.swift */ = {isa = PBXFileReference; lastKnownFileType = sourcecode.swift; path = DataPunkUITests.swift; sourceTree = "<group>"; };
		B07A0DE32C466668008C0DA1 /* DataPunkUITestsLaunchTests.swift */ = {isa = PBXFileReference; lastKnownFileType = sourcecode.swift; path = DataPunkUITestsLaunchTests.swift; sourceTree = "<group>"; };
		B07A0DF42C466E63008C0DA1 /* Web3Index.swift */ = {isa = PBXFileReference; lastKnownFileType = sourcecode.swift; path = Web3Index.swift; sourceTree = "<group>"; };
		B08FD70D2C6FB7E5002B391C /* DeviceCheckView.swift */ = {isa = PBXFileReference; lastKnownFileType = sourcecode.swift; path = DeviceCheckView.swift; sourceTree = "<group>"; };
		B08FD7112C709169002B391C /* DeviceCheck.swift */ = {isa = PBXFileReference; lastKnownFileType = sourcecode.swift; path = DeviceCheck.swift; sourceTree = "<group>"; };
		B08FD7162C70F6C5002B391C /* String.swift */ = {isa = PBXFileReference; lastKnownFileType = sourcecode.swift; path = String.swift; sourceTree = "<group>"; };
		B08FD71A2C712595002B391C /* DataPublished.swift */ = {isa = PBXFileReference; lastKnownFileType = sourcecode.swift; path = DataPublished.swift; sourceTree = "<group>"; };
		B0D470872C46ED3A0082FE31 /* OverallParticipate.swift */ = {isa = PBXFileReference; lastKnownFileType = sourcecode.swift; path = OverallParticipate.swift; sourceTree = "<group>"; };
		B0D4708A2C477DBB0082FE31 /* Contract.swift */ = {isa = PBXFileReference; lastKnownFileType = sourcecode.swift; path = Contract.swift; sourceTree = "<group>"; };
		B0D4708D2C4790D70082FE31 /* Encryption.swift */ = {isa = PBXFileReference; lastKnownFileType = sourcecode.swift; path = Encryption.swift; sourceTree = "<group>"; };
		B0D470942C479C760082FE31 /* DocumentPicker.swift */ = {isa = PBXFileReference; lastKnownFileType = sourcecode.swift; path = DocumentPicker.swift; sourceTree = "<group>"; };
		B0D470972C479FAF0082FE31 /* ReadAsset.swift */ = {isa = PBXFileReference; lastKnownFileType = sourcecode.swift; path = ReadAsset.swift; sourceTree = "<group>"; };
		B0D4709A2C47A66B0082FE31 /* MyStats.swift */ = {isa = PBXFileReference; lastKnownFileType = sourcecode.swift; path = MyStats.swift; sourceTree = "<group>"; };
		B0D4709D2C47C6FE0082FE31 /* SignContract.swift */ = {isa = PBXFileReference; lastKnownFileType = sourcecode.swift; path = SignContract.swift; sourceTree = "<group>"; };
		B0E123772C491DF600E13F33 /* ImportKey.swift */ = {isa = PBXFileReference; lastKnownFileType = sourcecode.swift; path = ImportKey.swift; sourceTree = "<group>"; };
		B0E1237A2C4921EC00E13F33 /* Info.plist */ = {isa = PBXFileReference; lastKnownFileType = text.plist; path = Info.plist; sourceTree = "<group>"; };
/* End PBXFileReference section */

/* Begin PBXFrameworksBuildPhase section */
		B07A0DBE2C466667008C0DA1 /* Frameworks */ = {
			isa = PBXFrameworksBuildPhase;
			buildActionMask = 2147483647;
			files = (
				B0B490E92C46800D00B4B83C /* KeychainSwift in Frameworks */,
				B0380AA72C48099A0098443E /* web3swift in Frameworks */,
			);
			runOnlyForDeploymentPostprocessing = 0;
		};
		B07A0DD02C466668008C0DA1 /* Frameworks */ = {
			isa = PBXFrameworksBuildPhase;
			buildActionMask = 2147483647;
			files = (
			);
			runOnlyForDeploymentPostprocessing = 0;
		};
		B07A0DDA2C466668008C0DA1 /* Frameworks */ = {
			isa = PBXFrameworksBuildPhase;
			buildActionMask = 2147483647;
			files = (
			);
			runOnlyForDeploymentPostprocessing = 0;
		};
/* End PBXFrameworksBuildPhase section */

/* Begin PBXGroup section */
		B05147DD2C46843100861795 /* HealthKit */ = {
			isa = PBXGroup;
			children = (
				B05147DF2C46845A00861795 /* HealthIntegration.swift */,
			);
			path = HealthKit;
			sourceTree = "<group>";
		};
		B05147DE2C46843F00861795 /* DevKit */ = {
			isa = PBXGroup;
			children = (
				B08FD7112C709169002B391C /* DeviceCheck.swift */,
			);
			path = DevKit;
			sourceTree = "<group>";
		};
		B05147E12C4688F400861795 /* Components */ = {
			isa = PBXGroup;
			children = (
				B05147E22C46890600861795 /* StylePicker.swift */,
				B05147E62C468FAF00861795 /* Onboarding.swift */,
				B05147ED2C469ABC00861795 /* Buttons.swift */,
				B05147F32C469CD700861795 /* CampaignCard.swift */,
				B050ECCF2C46E0C4008D0B8A /* OverallChart.swift */,
				B0D470872C46ED3A0082FE31 /* OverallParticipate.swift */,
				B0D470942C479C760082FE31 /* DocumentPicker.swift */,
				B0D4709D2C47C6FE0082FE31 /* SignContract.swift */,
				B0E123772C491DF600E13F33 /* ImportKey.swift */,
				B08FD70D2C6FB7E5002B391C /* DeviceCheckView.swift */,
			);
			path = Components;
			sourceTree = "<group>";
		};
		B05147E52C46894B00861795 /* DataModels */ = {
			isa = PBXGroup;
			children = (
				B07A0DC82C466667008C0DA1 /* AppState.swift */,
				B05147F02C469B9400861795 /* Campaign.swift */,
				B08FD71A2C712595002B391C /* DataPublished.swift */,
			);
			path = DataModels;
			sourceTree = "<group>";
		};
		B05147E92C468FED00861795 /* Views */ = {
			isa = PBXGroup;
			children = (
				B05147EA2C46900100861795 /* CompaignGallery.swift */,
				B05147F92C46A1D700861795 /* MainTabView.swift */,
				B05147F62C46A0A500861795 /* CampaignExplained.swift */,
				B050ECCC2C46DC6B008D0B8A /* MyData.swift */,
				B0D4709A2C47A66B0082FE31 /* MyStats.swift */,
			);
			path = Views;
			sourceTree = "<group>";
		};
		B07A0DB82C466667008C0DA1 = {
			isa = PBXGroup;
			children = (
				B07A0DC32C466667008C0DA1 /* DataPunk */,
				B07A0DD62C466668008C0DA1 /* DataPunkTests */,
				B07A0DE02C466668008C0DA1 /* DataPunkUITests */,
				B07A0DC22C466667008C0DA1 /* Products */,
			);
			sourceTree = "<group>";
		};
		B07A0DC22C466667008C0DA1 /* Products */ = {
			isa = PBXGroup;
			children = (
				B07A0DC12C466667008C0DA1 /* DataPunk.app */,
				B07A0DD32C466668008C0DA1 /* DataPunkTests.xctest */,
				B07A0DDD2C466668008C0DA1 /* DataPunkUITests.xctest */,
			);
			name = Products;
			sourceTree = "<group>";
		};
		B07A0DC32C466667008C0DA1 /* DataPunk */ = {
			isa = PBXGroup;
			children = (
				B08FD7152C70F6B9002B391C /* Extensions */,
				B0E1237A2C4921EC00E13F33 /* Info.plist */,
				B0D470A22C47CD350082FE31 /* ABI */,
				B05147E92C468FED00861795 /* Views */,
				B05147E52C46894B00861795 /* DataModels */,
				B05147E12C4688F400861795 /* Components */,
				B05147DE2C46843F00861795 /* DevKit */,
				B05147DD2C46843100861795 /* HealthKit */,
				B07A0DF32C466E3E008C0DA1 /* Chain */,
				B05147DC2C4683DF00861795 /* DataPunk.entitlements */,
				B07A0DC42C466667008C0DA1 /* DataPunkApp.swift */,
				B07A0DC62C466667008C0DA1 /* ContentView.swift */,
				B07A0DCA2C466668008C0DA1 /* Assets.xcassets */,
				B07A0DCC2C466668008C0DA1 /* Preview Content */,
			);
			path = DataPunk;
			sourceTree = "<group>";
		};
		B07A0DCC2C466668008C0DA1 /* Preview Content */ = {
			isa = PBXGroup;
			children = (
				B07A0DCD2C466668008C0DA1 /* Preview Assets.xcassets */,
			);
			path = "Preview Content";
			sourceTree = "<group>";
		};
		B07A0DD62C466668008C0DA1 /* DataPunkTests */ = {
			isa = PBXGroup;
			children = (
				B07A0DD72C466668008C0DA1 /* DataPunkTests.swift */,
			);
			path = DataPunkTests;
			sourceTree = "<group>";
		};
		B07A0DE02C466668008C0DA1 /* DataPunkUITests */ = {
			isa = PBXGroup;
			children = (
				B07A0DE12C466668008C0DA1 /* DataPunkUITests.swift */,
				B07A0DE32C466668008C0DA1 /* DataPunkUITestsLaunchTests.swift */,
			);
			path = DataPunkUITests;
			sourceTree = "<group>";
		};
		B07A0DF32C466E3E008C0DA1 /* Chain */ = {
			isa = PBXGroup;
			children = (
				B07A0DF42C466E63008C0DA1 /* Web3Index.swift */,
				B0D4708A2C477DBB0082FE31 /* Contract.swift */,
				B0D470972C479FAF0082FE31 /* ReadAsset.swift */,
				B0D4708D2C4790D70082FE31 /* Encryption.swift */,
				B0380AAA2C48E1410098443E /* ChainProxy.swift */,
			);
			path = Chain;
			sourceTree = "<group>";
		};
		B08FD7152C70F6B9002B391C /* Extensions */ = {
			isa = PBXGroup;
			children = (
				B08FD7162C70F6C5002B391C /* String.swift */,
			);
			path = Extensions;
			sourceTree = "<group>";
		};
		B0D470A22C47CD350082FE31 /* ABI */ = {
			isa = PBXGroup;
			children = (
				B0380AA82C48A8AA0098443E /* DataNFTContract.json */,
			);
			path = ABI;
			sourceTree = "<group>";
		};
/* End PBXGroup section */

/* Begin PBXNativeTarget section */
		B07A0DC02C466667008C0DA1 /* DataPunk */ = {
			isa = PBXNativeTarget;
			buildConfigurationList = B07A0DE72C466668008C0DA1 /* Build configuration list for PBXNativeTarget "DataPunk" */;
			buildPhases = (
				B07A0DBD2C466667008C0DA1 /* Sources */,
				B07A0DBE2C466667008C0DA1 /* Frameworks */,
				B07A0DBF2C466667008C0DA1 /* Resources */,
			);
			buildRules = (
			);
			dependencies = (
			);
			name = DataPunk;
			packageProductDependencies = (
				B0B490E82C46800D00B4B83C /* KeychainSwift */,
				B0380AA62C48099A0098443E /* web3swift */,
			);
			productName = DataPunk;
			productReference = B07A0DC12C466667008C0DA1 /* DataPunk.app */;
			productType = "com.apple.product-type.application";
		};
		B07A0DD22C466668008C0DA1 /* DataPunkTests */ = {
			isa = PBXNativeTarget;
			buildConfigurationList = B07A0DEA2C466668008C0DA1 /* Build configuration list for PBXNativeTarget "DataPunkTests" */;
			buildPhases = (
				B07A0DCF2C466668008C0DA1 /* Sources */,
				B07A0DD02C466668008C0DA1 /* Frameworks */,
				B07A0DD12C466668008C0DA1 /* Resources */,
			);
			buildRules = (
			);
			dependencies = (
				B07A0DD52C466668008C0DA1 /* PBXTargetDependency */,
			);
			name = DataPunkTests;
			productName = DataPunkTests;
			productReference = B07A0DD32C466668008C0DA1 /* DataPunkTests.xctest */;
			productType = "com.apple.product-type.bundle.unit-test";
		};
		B07A0DDC2C466668008C0DA1 /* DataPunkUITests */ = {
			isa = PBXNativeTarget;
			buildConfigurationList = B07A0DED2C466668008C0DA1 /* Build configuration list for PBXNativeTarget "DataPunkUITests" */;
			buildPhases = (
				B07A0DD92C466668008C0DA1 /* Sources */,
				B07A0DDA2C466668008C0DA1 /* Frameworks */,
				B07A0DDB2C466668008C0DA1 /* Resources */,
			);
			buildRules = (
			);
			dependencies = (
				B07A0DDF2C466668008C0DA1 /* PBXTargetDependency */,
			);
			name = DataPunkUITests;
			productName = DataPunkUITests;
			productReference = B07A0DDD2C466668008C0DA1 /* DataPunkUITests.xctest */;
			productType = "com.apple.product-type.bundle.ui-testing";
		};
/* End PBXNativeTarget section */

/* Begin PBXProject section */
		B07A0DB92C466667008C0DA1 /* Project object */ = {
			isa = PBXProject;
			attributes = {
				BuildIndependentTargetsInParallel = 1;
				LastSwiftUpdateCheck = 1600;
				LastUpgradeCheck = 1600;
				TargetAttributes = {
					B07A0DC02C466667008C0DA1 = {
						CreatedOnToolsVersion = 16.0;
					};
					B07A0DD22C466668008C0DA1 = {
						CreatedOnToolsVersion = 16.0;
						TestTargetID = B07A0DC02C466667008C0DA1;
					};
					B07A0DDC2C466668008C0DA1 = {
						CreatedOnToolsVersion = 16.0;
						TestTargetID = B07A0DC02C466667008C0DA1;
					};
				};
			};
			buildConfigurationList = B07A0DBC2C466667008C0DA1 /* Build configuration list for PBXProject "DataPunk" */;
			compatibilityVersion = "Xcode 15.0";
			developmentRegion = en;
			hasScannedForEncodings = 0;
			knownRegions = (
				en,
				Base,
			);
			mainGroup = B07A0DB82C466667008C0DA1;
			packageReferences = (
				B0B490E72C46800D00B4B83C /* XCRemoteSwiftPackageReference "keychain-swift" */,
				B0380AA52C48099A0098443E /* XCRemoteSwiftPackageReference "web3swift" */,
			);
			productRefGroup = B07A0DC22C466667008C0DA1 /* Products */;
			projectDirPath = "";
			projectRoot = "";
			targets = (
				B07A0DC02C466667008C0DA1 /* DataPunk */,
				B07A0DD22C466668008C0DA1 /* DataPunkTests */,
				B07A0DDC2C466668008C0DA1 /* DataPunkUITests */,
			);
		};
/* End PBXProject section */

/* Begin PBXResourcesBuildPhase section */
		B07A0DBF2C466667008C0DA1 /* Resources */ = {
			isa = PBXResourcesBuildPhase;
			buildActionMask = 2147483647;
			files = (
				B07A0DCE2C466668008C0DA1 /* Preview Assets.xcassets in Resources */,
				B0380AA92C48A8AA0098443E /* DataNFTContract.json in Resources */,
				B07A0DCB2C466668008C0DA1 /* Assets.xcassets in Resources */,
			);
			runOnlyForDeploymentPostprocessing = 0;
		};
		B07A0DD12C466668008C0DA1 /* Resources */ = {
			isa = PBXResourcesBuildPhase;
			buildActionMask = 2147483647;
			files = (
			);
			runOnlyForDeploymentPostprocessing = 0;
		};
		B07A0DDB2C466668008C0DA1 /* Resources */ = {
			isa = PBXResourcesBuildPhase;
			buildActionMask = 2147483647;
			files = (
			);
			runOnlyForDeploymentPostprocessing = 0;
		};
/* End PBXResourcesBuildPhase section */

/* Begin PBXSourcesBuildPhase section */
		B07A0DBD2C466667008C0DA1 /* Sources */ = {
			isa = PBXSourcesBuildPhase;
			buildActionMask = 2147483647;
			files = (
				B0D4709E2C47C6FE0082FE31 /* SignContract.swift in Sources */,
				B05147F72C46A0A500861795 /* CampaignExplained.swift in Sources */,
				B08FD7132C709169002B391C /* DeviceCheck.swift in Sources */,
				B08FD7172C70F6C5002B391C /* String.swift in Sources */,
				B05147EE2C469ABC00861795 /* Buttons.swift in Sources */,
				B0D470952C479C760082FE31 /* DocumentPicker.swift in Sources */,
				B08FD70F2C6FB7E5002B391C /* DeviceCheckView.swift in Sources */,
				B07A0DC72C466667008C0DA1 /* ContentView.swift in Sources */,
				B08FD71B2C712595002B391C /* DataPublished.swift in Sources */,
				B05147F52C469CD700861795 /* CampaignCard.swift in Sources */,
				B0E123792C491DF600E13F33 /* ImportKey.swift in Sources */,
				B0380AAC2C48E1410098443E /* ChainProxy.swift in Sources */,
				B0D4709C2C47A66B0082FE31 /* MyStats.swift in Sources */,
				B05147E02C46845A00861795 /* HealthIntegration.swift in Sources */,
				B050ECCE2C46DC6B008D0B8A /* MyData.swift in Sources */,
				B05147F12C469B9400861795 /* Campaign.swift in Sources */,
				B07A0DC92C466667008C0DA1 /* AppState.swift in Sources */,
				B05147FB2C46A1D700861795 /* MainTabView.swift in Sources */,
				B05147E72C468FAF00861795 /* Onboarding.swift in Sources */,
				B07A0DF52C466E63008C0DA1 /* Web3Index.swift in Sources */,
				B07A0DC52C466667008C0DA1 /* DataPunkApp.swift in Sources */,
				B0D4708F2C4790D70082FE31 /* Encryption.swift in Sources */,
				B0D470992C479FAF0082FE31 /* ReadAsset.swift in Sources */,
				B050ECD12C46E0C4008D0B8A /* OverallChart.swift in Sources */,
				B0D4708B2C477DBB0082FE31 /* Contract.swift in Sources */,
				B05147EB2C46900100861795 /* CompaignGallery.swift in Sources */,
				B0D470882C46ED3A0082FE31 /* OverallParticipate.swift in Sources */,
				B05147E32C46890600861795 /* StylePicker.swift in Sources */,
			);
			runOnlyForDeploymentPostprocessing = 0;
		};
		B07A0DCF2C466668008C0DA1 /* Sources */ = {
			isa = PBXSourcesBuildPhase;
			buildActionMask = 2147483647;
			files = (
				B08FD7102C6FB7E5002B391C /* DeviceCheckView.swift in Sources */,
				B08FD71D2C712595002B391C /* DataPublished.swift in Sources */,
				B07A0DD82C466668008C0DA1 /* DataPunkTests.swift in Sources */,
				B08FD7192C70F6C5002B391C /* String.swift in Sources */,
				B08FD7142C709169002B391C /* DeviceCheck.swift in Sources */,
			);
			runOnlyForDeploymentPostprocessing = 0;
		};
		B07A0DD92C466668008C0DA1 /* Sources */ = {
			isa = PBXSourcesBuildPhase;
			buildActionMask = 2147483647;
			files = (
				B050ECD02C46E0C4008D0B8A /* OverallChart.swift in Sources */,
				B07A0DE42C466668008C0DA1 /* DataPunkUITestsLaunchTests.swift in Sources */,
				B05147EC2C46900100861795 /* CompaignGallery.swift in Sources */,
				B0D4708E2C4790D70082FE31 /* Encryption.swift in Sources */,
				B08FD70E2C6FB7E5002B391C /* DeviceCheckView.swift in Sources */,
				B0380AAB2C48E1410098443E /* ChainProxy.swift in Sources */,
				B08FD7182C70F6C5002B391C /* String.swift in Sources */,
				B05147F22C469B9400861795 /* Campaign.swift in Sources */,
				B0D4709F2C47C6FE0082FE31 /* SignContract.swift in Sources */,
				B0D4709B2C47A66B0082FE31 /* MyStats.swift in Sources */,
				B07A0DE22C466668008C0DA1 /* DataPunkUITests.swift in Sources */,
				B0D4708C2C477DBB0082FE31 /* Contract.swift in Sources */,
				B05147EF2C469ABC00861795 /* Buttons.swift in Sources */,
				B050ECCD2C46DC6B008D0B8A /* MyData.swift in Sources */,
				B0E123782C491DF600E13F33 /* ImportKey.swift in Sources */,
				B05147E82C468FAF00861795 /* Onboarding.swift in Sources */,
				B05147F82C46A0A500861795 /* CampaignExplained.swift in Sources */,
				B05147E42C46890600861795 /* StylePicker.swift in Sources */,
				B0D470982C479FAF0082FE31 /* ReadAsset.swift in Sources */,
				B0D470962C479C760082FE31 /* DocumentPicker.swift in Sources */,
				B05147F42C469CD700861795 /* CampaignCard.swift in Sources */,
				B08FD71C2C712595002B391C /* DataPublished.swift in Sources */,
				B05147FA2C46A1D700861795 /* MainTabView.swift in Sources */,
				B0D470892C46ED3A0082FE31 /* OverallParticipate.swift in Sources */,
				B08FD7122C709169002B391C /* DeviceCheck.swift in Sources */,
			);
			runOnlyForDeploymentPostprocessing = 0;
		};
/* End PBXSourcesBuildPhase section */

/* Begin PBXTargetDependency section */
		B07A0DD52C466668008C0DA1 /* PBXTargetDependency */ = {
			isa = PBXTargetDependency;
			target = B07A0DC02C466667008C0DA1 /* DataPunk */;
			targetProxy = B07A0DD42C466668008C0DA1 /* PBXContainerItemProxy */;
		};
		B07A0DDF2C466668008C0DA1 /* PBXTargetDependency */ = {
			isa = PBXTargetDependency;
			target = B07A0DC02C466667008C0DA1 /* DataPunk */;
			targetProxy = B07A0DDE2C466668008C0DA1 /* PBXContainerItemProxy */;
		};
/* End PBXTargetDependency section */

/* Begin XCBuildConfiguration section */
		B07A0DE52C466668008C0DA1 /* Debug */ = {
			isa = XCBuildConfiguration;
			buildSettings = {
				ALWAYS_SEARCH_USER_PATHS = NO;
				ASSETCATALOG_COMPILER_GENERATE_SWIFT_ASSET_SYMBOL_EXTENSIONS = YES;
				CLANG_ANALYZER_NONNULL = YES;
				CLANG_ANALYZER_NUMBER_OBJECT_CONVERSION = YES_AGGRESSIVE;
				CLANG_CXX_LANGUAGE_STANDARD = "gnu++23";
				CLANG_ENABLE_MODULES = YES;
				CLANG_ENABLE_OBJC_ARC = YES;
				CLANG_ENABLE_OBJC_WEAK = YES;
				CLANG_WARN_BLOCK_CAPTURE_AUTORELEASING = YES;
				CLANG_WARN_BOOL_CONVERSION = YES;
				CLANG_WARN_COMMA = YES;
				CLANG_WARN_CONSTANT_CONVERSION = YES;
				CLANG_WARN_DEPRECATED_OBJC_IMPLEMENTATIONS = YES;
				CLANG_WARN_DIRECT_OBJC_ISA_USAGE = YES_ERROR;
				CLANG_WARN_DOCUMENTATION_COMMENTS = YES;
				CLANG_WARN_EMPTY_BODY = YES;
				CLANG_WARN_ENUM_CONVERSION = YES;
				CLANG_WARN_INFINITE_RECURSION = YES;
				CLANG_WARN_INT_CONVERSION = YES;
				CLANG_WARN_NON_LITERAL_NULL_CONVERSION = YES;
				CLANG_WARN_OBJC_IMPLICIT_RETAIN_SELF = YES;
				CLANG_WARN_OBJC_LITERAL_CONVERSION = YES;
				CLANG_WARN_OBJC_ROOT_CLASS = YES_ERROR;
				CLANG_WARN_QUOTED_INCLUDE_IN_FRAMEWORK_HEADER = YES;
				CLANG_WARN_RANGE_LOOP_ANALYSIS = YES;
				CLANG_WARN_STRICT_PROTOTYPES = YES;
				CLANG_WARN_SUSPICIOUS_MOVE = YES;
				CLANG_WARN_UNGUARDED_AVAILABILITY = YES_AGGRESSIVE;
				CLANG_WARN_UNREACHABLE_CODE = YES;
				CLANG_WARN__DUPLICATE_METHOD_MATCH = YES;
				COPY_PHASE_STRIP = NO;
				DEBUG_INFORMATION_FORMAT = dwarf;
				ENABLE_STRICT_OBJC_MSGSEND = YES;
				ENABLE_TESTABILITY = YES;
				ENABLE_USER_SCRIPT_SANDBOXING = YES;
				GCC_C_LANGUAGE_STANDARD = gnu17;
				GCC_DYNAMIC_NO_PIC = NO;
				GCC_NO_COMMON_BLOCKS = YES;
				GCC_OPTIMIZATION_LEVEL = 0;
				GCC_PREPROCESSOR_DEFINITIONS = (
					"DEBUG=1",
					"$(inherited)",
				);
				GCC_WARN_64_TO_32_BIT_CONVERSION = YES;
				GCC_WARN_ABOUT_RETURN_TYPE = YES_ERROR;
				GCC_WARN_UNDECLARED_SELECTOR = YES;
				GCC_WARN_UNINITIALIZED_AUTOS = YES_AGGRESSIVE;
				GCC_WARN_UNUSED_FUNCTION = YES;
				GCC_WARN_UNUSED_VARIABLE = YES;
				IPHONEOS_DEPLOYMENT_TARGET = 18.0;
				LOCALIZATION_PREFERS_STRING_CATALOGS = YES;
				MTL_ENABLE_DEBUG_INFO = INCLUDE_SOURCE;
				MTL_FAST_MATH = YES;
				ONLY_ACTIVE_ARCH = YES;
				SDKROOT = iphoneos;
				SWIFT_ACTIVE_COMPILATION_CONDITIONS = "DEBUG $(inherited)";
				SWIFT_OPTIMIZATION_LEVEL = "-Onone";
			};
			name = Debug;
		};
		B07A0DE62C466668008C0DA1 /* Release */ = {
			isa = XCBuildConfiguration;
			buildSettings = {
				ALWAYS_SEARCH_USER_PATHS = NO;
				ASSETCATALOG_COMPILER_GENERATE_SWIFT_ASSET_SYMBOL_EXTENSIONS = YES;
				CLANG_ANALYZER_NONNULL = YES;
				CLANG_ANALYZER_NUMBER_OBJECT_CONVERSION = YES_AGGRESSIVE;
				CLANG_CXX_LANGUAGE_STANDARD = "gnu++23";
				CLANG_ENABLE_MODULES = YES;
				CLANG_ENABLE_OBJC_ARC = YES;
				CLANG_ENABLE_OBJC_WEAK = YES;
				CLANG_WARN_BLOCK_CAPTURE_AUTORELEASING = YES;
				CLANG_WARN_BOOL_CONVERSION = YES;
				CLANG_WARN_COMMA = YES;
				CLANG_WARN_CONSTANT_CONVERSION = YES;
				CLANG_WARN_DEPRECATED_OBJC_IMPLEMENTATIONS = YES;
				CLANG_WARN_DIRECT_OBJC_ISA_USAGE = YES_ERROR;
				CLANG_WARN_DOCUMENTATION_COMMENTS = YES;
				CLANG_WARN_EMPTY_BODY = YES;
				CLANG_WARN_ENUM_CONVERSION = YES;
				CLANG_WARN_INFINITE_RECURSION = YES;
				CLANG_WARN_INT_CONVERSION = YES;
				CLANG_WARN_NON_LITERAL_NULL_CONVERSION = YES;
				CLANG_WARN_OBJC_IMPLICIT_RETAIN_SELF = YES;
				CLANG_WARN_OBJC_LITERAL_CONVERSION = YES;
				CLANG_WARN_OBJC_ROOT_CLASS = YES_ERROR;
				CLANG_WARN_QUOTED_INCLUDE_IN_FRAMEWORK_HEADER = YES;
				CLANG_WARN_RANGE_LOOP_ANALYSIS = YES;
				CLANG_WARN_STRICT_PROTOTYPES = YES;
				CLANG_WARN_SUSPICIOUS_MOVE = YES;
				CLANG_WARN_UNGUARDED_AVAILABILITY = YES_AGGRESSIVE;
				CLANG_WARN_UNREACHABLE_CODE = YES;
				CLANG_WARN__DUPLICATE_METHOD_MATCH = YES;
				COPY_PHASE_STRIP = NO;
				DEBUG_INFORMATION_FORMAT = "dwarf-with-dsym";
				ENABLE_NS_ASSERTIONS = NO;
				ENABLE_STRICT_OBJC_MSGSEND = YES;
				ENABLE_USER_SCRIPT_SANDBOXING = YES;
				GCC_C_LANGUAGE_STANDARD = gnu17;
				GCC_NO_COMMON_BLOCKS = YES;
				GCC_OPTIMIZATION_LEVEL = s;
				GCC_WARN_64_TO_32_BIT_CONVERSION = YES;
				GCC_WARN_ABOUT_RETURN_TYPE = YES_ERROR;
				GCC_WARN_UNDECLARED_SELECTOR = YES;
				GCC_WARN_UNINITIALIZED_AUTOS = YES_AGGRESSIVE;
				GCC_WARN_UNUSED_FUNCTION = YES;
				GCC_WARN_UNUSED_VARIABLE = YES;
				IPHONEOS_DEPLOYMENT_TARGET = 18.0;
				LOCALIZATION_PREFERS_STRING_CATALOGS = YES;
				MTL_ENABLE_DEBUG_INFO = NO;
				MTL_FAST_MATH = YES;
				SDKROOT = iphoneos;
				SWIFT_COMPILATION_MODE = wholemodule;
				VALIDATE_PRODUCT = YES;
			};
			name = Release;
		};
		B07A0DE82C466668008C0DA1 /* Debug */ = {
			isa = XCBuildConfiguration;
			buildSettings = {
				ASSETCATALOG_COMPILER_APPICON_NAME = AppIcon;
				ASSETCATALOG_COMPILER_GLOBAL_ACCENT_COLOR_NAME = AccentColor;
				CODE_SIGN_ENTITLEMENTS = DataPunk/DataPunk.entitlements;
				CODE_SIGN_STYLE = Automatic;
				CURRENT_PROJECT_VERSION = 1;
				DEVELOPMENT_ASSET_PATHS = "\"DataPunk/Preview Content\"";
				DEVELOPMENT_TEAM = T57PLMJKEL;
				ENABLE_PREVIEWS = YES;
				GENERATE_INFOPLIST_FILE = YES;
				INFOPLIST_FILE = DataPunk/Info.plist;
				INFOPLIST_KEY_NSHealthShareUsageDescription = "Contribute your stats measured by the device.";
				INFOPLIST_KEY_NSHealthUpdateUsageDescription = "Contribute your stats measured by the device.";
				INFOPLIST_KEY_UIApplicationSceneManifest_Generation = YES;
				INFOPLIST_KEY_UIApplicationSupportsIndirectInputEvents = YES;
				INFOPLIST_KEY_UILaunchScreen_Generation = YES;
				INFOPLIST_KEY_UISupportedInterfaceOrientations_iPad = "UIInterfaceOrientationPortrait UIInterfaceOrientationPortraitUpsideDown UIInterfaceOrientationLandscapeLeft UIInterfaceOrientationLandscapeRight";
				INFOPLIST_KEY_UISupportedInterfaceOrientations_iPhone = "UIInterfaceOrientationPortrait UIInterfaceOrientationLandscapeLeft UIInterfaceOrientationLandscapeRight";
				LD_RUNPATH_SEARCH_PATHS = (
					"$(inherited)",
					"@executable_path/Frameworks",
				);
				MARKETING_VERSION = 1.0;
				PRODUCT_BUNDLE_IDENTIFIER = org.rcex.DataPunk;
				PRODUCT_NAME = "$(TARGET_NAME)";
				SWIFT_EMIT_LOC_STRINGS = YES;
				SWIFT_VERSION = 5.0;
				TARGETED_DEVICE_FAMILY = "1,2";
			};
			name = Debug;
		};
		B07A0DE92C466668008C0DA1 /* Release */ = {
			isa = XCBuildConfiguration;
			buildSettings = {
				ASSETCATALOG_COMPILER_APPICON_NAME = AppIcon;
				ASSETCATALOG_COMPILER_GLOBAL_ACCENT_COLOR_NAME = AccentColor;
				CODE_SIGN_ENTITLEMENTS = DataPunk/DataPunk.entitlements;
				CODE_SIGN_STYLE = Automatic;
				CURRENT_PROJECT_VERSION = 1;
				DEVELOPMENT_ASSET_PATHS = "\"DataPunk/Preview Content\"";
				DEVELOPMENT_TEAM = T57PLMJKEL;
				ENABLE_PREVIEWS = YES;
				GENERATE_INFOPLIST_FILE = YES;
				INFOPLIST_FILE = DataPunk/Info.plist;
				INFOPLIST_KEY_NSHealthShareUsageDescription = "Contribute your stats measured by the device.";
				INFOPLIST_KEY_NSHealthUpdateUsageDescription = "Contribute your stats measured by the device.";
				INFOPLIST_KEY_UIApplicationSceneManifest_Generation = YES;
				INFOPLIST_KEY_UIApplicationSupportsIndirectInputEvents = YES;
				INFOPLIST_KEY_UILaunchScreen_Generation = YES;
				INFOPLIST_KEY_UISupportedInterfaceOrientations_iPad = "UIInterfaceOrientationPortrait UIInterfaceOrientationPortraitUpsideDown UIInterfaceOrientationLandscapeLeft UIInterfaceOrientationLandscapeRight";
				INFOPLIST_KEY_UISupportedInterfaceOrientations_iPhone = "UIInterfaceOrientationPortrait UIInterfaceOrientationLandscapeLeft UIInterfaceOrientationLandscapeRight";
				LD_RUNPATH_SEARCH_PATHS = (
					"$(inherited)",
					"@executable_path/Frameworks",
				);
				MARKETING_VERSION = 1.0;
				PRODUCT_BUNDLE_IDENTIFIER = org.rcex.DataPunk;
				PRODUCT_NAME = "$(TARGET_NAME)";
				SWIFT_EMIT_LOC_STRINGS = YES;
				SWIFT_VERSION = 5.0;
				TARGETED_DEVICE_FAMILY = "1,2";
			};
			name = Release;
		};
		B07A0DEB2C466668008C0DA1 /* Debug */ = {
			isa = XCBuildConfiguration;
			buildSettings = {
				BUNDLE_LOADER = "$(TEST_HOST)";
				CODE_SIGN_STYLE = Automatic;
				CURRENT_PROJECT_VERSION = 1;
				DEVELOPMENT_TEAM = T57PLMJKEL;
				GENERATE_INFOPLIST_FILE = YES;
				IPHONEOS_DEPLOYMENT_TARGET = 18.0;
				MARKETING_VERSION = 1.0;
				PRODUCT_BUNDLE_IDENTIFIER = org.rcex.DataPunkTests;
				PRODUCT_NAME = "$(TARGET_NAME)";
				SWIFT_EMIT_LOC_STRINGS = NO;
				SWIFT_VERSION = 5.0;
				TARGETED_DEVICE_FAMILY = "1,2";
				TEST_HOST = "$(BUILT_PRODUCTS_DIR)/DataPunk.app/$(BUNDLE_EXECUTABLE_FOLDER_PATH)/DataPunk";
			};
			name = Debug;
		};
		B07A0DEC2C466668008C0DA1 /* Release */ = {
			isa = XCBuildConfiguration;
			buildSettings = {
				BUNDLE_LOADER = "$(TEST_HOST)";
				CODE_SIGN_STYLE = Automatic;
				CURRENT_PROJECT_VERSION = 1;
				DEVELOPMENT_TEAM = T57PLMJKEL;
				GENERATE_INFOPLIST_FILE = YES;
				IPHONEOS_DEPLOYMENT_TARGET = 18.0;
				MARKETING_VERSION = 1.0;
				PRODUCT_BUNDLE_IDENTIFIER = org.rcex.DataPunkTests;
				PRODUCT_NAME = "$(TARGET_NAME)";
				SWIFT_EMIT_LOC_STRINGS = NO;
				SWIFT_VERSION = 5.0;
				TARGETED_DEVICE_FAMILY = "1,2";
				TEST_HOST = "$(BUILT_PRODUCTS_DIR)/DataPunk.app/$(BUNDLE_EXECUTABLE_FOLDER_PATH)/DataPunk";
			};
			name = Release;
		};
		B07A0DEE2C466668008C0DA1 /* Debug */ = {
			isa = XCBuildConfiguration;
			buildSettings = {
				CODE_SIGN_STYLE = Automatic;
				CURRENT_PROJECT_VERSION = 1;
				DEVELOPMENT_TEAM = T57PLMJKEL;
				GENERATE_INFOPLIST_FILE = YES;
				MARKETING_VERSION = 1.0;
				PRODUCT_BUNDLE_IDENTIFIER = org.rcex.DataPunkUITests;
				PRODUCT_NAME = "$(TARGET_NAME)";
				SWIFT_EMIT_LOC_STRINGS = NO;
				SWIFT_VERSION = 5.0;
				TARGETED_DEVICE_FAMILY = "1,2";
				TEST_TARGET_NAME = DataPunk;
			};
			name = Debug;
		};
		B07A0DEF2C466668008C0DA1 /* Release */ = {
			isa = XCBuildConfiguration;
			buildSettings = {
				CODE_SIGN_STYLE = Automatic;
				CURRENT_PROJECT_VERSION = 1;
				DEVELOPMENT_TEAM = T57PLMJKEL;
				GENERATE_INFOPLIST_FILE = YES;
				MARKETING_VERSION = 1.0;
				PRODUCT_BUNDLE_IDENTIFIER = org.rcex.DataPunkUITests;
				PRODUCT_NAME = "$(TARGET_NAME)";
				SWIFT_EMIT_LOC_STRINGS = NO;
				SWIFT_VERSION = 5.0;
				TARGETED_DEVICE_FAMILY = "1,2";
				TEST_TARGET_NAME = DataPunk;
			};
			name = Release;
		};
/* End XCBuildConfiguration section */

/* Begin XCConfigurationList section */
		B07A0DBC2C466667008C0DA1 /* Build configuration list for PBXProject "DataPunk" */ = {
			isa = XCConfigurationList;
			buildConfigurations = (
				B07A0DE52C466668008C0DA1 /* Debug */,
				B07A0DE62C466668008C0DA1 /* Release */,
			);
			defaultConfigurationIsVisible = 0;
			defaultConfigurationName = Release;
		};
		B07A0DE72C466668008C0DA1 /* Build configuration list for PBXNativeTarget "DataPunk" */ = {
			isa = XCConfigurationList;
			buildConfigurations = (
				B07A0DE82C466668008C0DA1 /* Debug */,
				B07A0DE92C466668008C0DA1 /* Release */,
			);
			defaultConfigurationIsVisible = 0;
			defaultConfigurationName = Release;
		};
		B07A0DEA2C466668008C0DA1 /* Build configuration list for PBXNativeTarget "DataPunkTests" */ = {
			isa = XCConfigurationList;
			buildConfigurations = (
				B07A0DEB2C466668008C0DA1 /* Debug */,
				B07A0DEC2C466668008C0DA1 /* Release */,
			);
			defaultConfigurationIsVisible = 0;
			defaultConfigurationName = Release;
		};
		B07A0DED2C466668008C0DA1 /* Build configuration list for PBXNativeTarget "DataPunkUITests" */ = {
			isa = XCConfigurationList;
			buildConfigurations = (
				B07A0DEE2C466668008C0DA1 /* Debug */,
				B07A0DEF2C466668008C0DA1 /* Release */,
			);
			defaultConfigurationIsVisible = 0;
			defaultConfigurationName = Release;
		};
/* End XCConfigurationList section */

/* Begin XCRemoteSwiftPackageReference section */
		B0380AA52C48099A0098443E /* XCRemoteSwiftPackageReference "web3swift" */ = {
			isa = XCRemoteSwiftPackageReference;
			repositoryURL = "https://github.com/StevenRCE0/web3swift.git";
			requirement = {
				branch = develop;
				kind = branch;
			};
		};
		B0B490E72C46800D00B4B83C /* XCRemoteSwiftPackageReference "keychain-swift" */ = {
			isa = XCRemoteSwiftPackageReference;
			repositoryURL = "https://github.com/evgenyneu/keychain-swift.git";
			requirement = {
				kind = upToNextMajorVersion;
				minimumVersion = 24.0.0;
			};
		};
/* End XCRemoteSwiftPackageReference section */

/* Begin XCSwiftPackageProductDependency section */
		B0380AA62C48099A0098443E /* web3swift */ = {
			isa = XCSwiftPackageProductDependency;
			package = B0380AA52C48099A0098443E /* XCRemoteSwiftPackageReference "web3swift" */;
			productName = web3swift;
		};
		B0B490E82C46800D00B4B83C /* KeychainSwift */ = {
			isa = XCSwiftPackageProductDependency;
			package = B0B490E72C46800D00B4B83C /* XCRemoteSwiftPackageReference "keychain-swift" */;
			productName = KeychainSwift;
		};
/* End XCSwiftPackageProductDependency section */
	};
	rootObject = B07A0DB92C466667008C0DA1 /* Project object */;
}
