// !$*UTF8*$!
{
	archiveVersion = 1;
	classes = {
	};
	objectVersion = 60;
	objects = {

/* Begin PBXBuildFile section */
		B07A0DC52C466667008C0DA1 /* DataPunkApp.swift in Sources */ = {isa = PBXBuildFile; fileRef = B07A0DC42C466667008C0DA1 /* DataPunkApp.swift */; };
		B07A0DC72C466667008C0DA1 /* ContentView.swift in Sources */ = {isa = PBXBuildFile; fileRef = B07A0DC62C466667008C0DA1 /* ContentView.swift */; };
		B07A0DC92C466667008C0DA1 /* Item.swift in Sources */ = {isa = PBXBuildFile; fileRef = B07A0DC82C466667008C0DA1 /* Item.swift */; };
		B07A0DCB2C466668008C0DA1 /* Assets.xcassets in Resources */ = {isa = PBXBuildFile; fileRef = B07A0DCA2C466668008C0DA1 /* Assets.xcassets */; };
		B07A0DCE2C466668008C0DA1 /* Preview Assets.xcassets in Resources */ = {isa = PBXBuildFile; fileRef = B07A0DCD2C466668008C0DA1 /* Preview Assets.xcassets */; };
		B07A0DD82C466668008C0DA1 /* DataPunkTests.swift in Sources */ = {isa = PBXBuildFile; fileRef = B07A0DD72C466668008C0DA1 /* DataPunkTests.swift */; };
		B07A0DE22C466668008C0DA1 /* DataPunkUITests.swift in Sources */ = {isa = PBXBuildFile; fileRef = B07A0DE12C466668008C0DA1 /* DataPunkUITests.swift */; };
		B07A0DE42C466668008C0DA1 /* DataPunkUITestsLaunchTests.swift in Sources */ = {isa = PBXBuildFile; fileRef = B07A0DE32C466668008C0DA1 /* DataPunkUITestsLaunchTests.swift */; };
/* End PBXBuildFile section */

/* Begin PBXContainerItemProxy section */
		B07A0DD42C466668008C0DA1 /* PBXContainerItemProxy */ = {
			isa = PBXContainerItemProxy;
			containerPortal = B07A0DB92C466667008C0DA1 /* Project object */;
			proxyType = 1;
			remoteGlobalIDString = B07A0DC02C466667008C0DA1;
			remoteInfo = DataPunk;
		};
		B07A0DDE2C466668008C0DA1 /* PBXContainerItemProxy */ = {
			isa = PBXContainerItemProxy;
			containerPortal = B07A0DB92C466667008C0DA1 /* Project object */;
			proxyType = 1;
			remoteGlobalIDString = B07A0DC02C466667008C0DA1;
			remoteInfo = DataPunk;
		};
/* End PBXContainerItemProxy section */

/* Begin PBXFileReference section */
		B07A0DC12C466667008C0DA1 /* DataPunk.app */ = {isa = PBXFileReference; explicitFileType = wrapper.application; includeInIndex = 0; path = DataPunk.app; sourceTree = BUILT_PRODUCTS_DIR; };
		B07A0DC42C466667008C0DA1 /* DataPunkApp.swift */ = {isa = PBXFileReference; lastKnownFileType = sourcecode.swift; path = DataPunkApp.swift; sourceTree = "<group>"; };
		B07A0DC62C466667008C0DA1 /* ContentView.swift */ = {isa = PBXFileReference; lastKnownFileType = sourcecode.swift; path = ContentView.swift; sourceTree = "<group>"; };
		B07A0DC82C466667008C0DA1 /* Item.swift */ = {isa = PBXFileReference; lastKnownFileType = sourcecode.swift; path = Item.swift; sourceTree = "<group>"; };
		B07A0DCA2C466668008C0DA1 /* Assets.xcassets */ = {isa = PBXFileReference; lastKnownFileType = folder.assetcatalog; path = Assets.xcassets; sourceTree = "<group>"; };
		B07A0DCD2C466668008C0DA1 /* Preview Assets.xcassets */ = {isa = PBXFileReference; lastKnownFileType = folder.assetcatalog; path = "Preview Assets.xcassets"; sourceTree = "<group>"; };
		B07A0DD32C466668008C0DA1 /* DataPunkTests.xctest */ = {isa = PBXFileReference; explicitFileType = wrapper.cfbundle; includeInIndex = 0; path = DataPunkTests.xctest; sourceTree = BUILT_PRODUCTS_DIR; };
		B07A0DD72C466668008C0DA1 /* DataPunkTests.swift */ = {isa = PBXFileReference; lastKnownFileType = sourcecode.swift; path = DataPunkTests.swift; sourceTree = "<group>"; };
		B07A0DDD2C466668008C0DA1 /* DataPunkUITests.xctest */ = {isa = PBXFileReference; explicitFileType = wrapper.cfbundle; includeInIndex = 0; path = DataPunkUITests.xctest; sourceTree = BUILT_PRODUCTS_DIR; };
		B07A0DE12C466668008C0DA1 /* DataPunkUITests.swift */ = {isa = PBXFileReference; lastKnownFileType = sourcecode.swift; path = DataPunkUITests.swift; sourceTree = "<group>"; };
		B07A0DE32C466668008C0DA1 /* DataPunkUITestsLaunchTests.swift */ = {isa = PBXFileReference; lastKnownFileType = sourcecode.swift; path = DataPunkUITestsLaunchTests.swift; sourceTree = "<group>"; };
/* End PBXFileReference section */

/* Begin PBXFrameworksBuildPhase section */
		B07A0DBE2C466667008C0DA1 /* Frameworks */ = {
			isa = PBXFrameworksBuildPhase;
			buildActionMask = 2147483647;
			files = (
			);
			runOnlyForDeploymentPostprocessing = 0;
		};
		B07A0DD02C466668008C0DA1 /* Frameworks */ = {
			isa = PBXFrameworksBuildPhase;
			buildActionMask = 2147483647;
			files = (
			);
			runOnlyForDeploymentPostprocessing = 0;
		};
		B07A0DDA2C466668008C0DA1 /* Frameworks */ = {
			isa = PBXFrameworksBuildPhase;
			buildActionMask = 2147483647;
			files = (
			);
			runOnlyForDeploymentPostprocessing = 0;
		};
/* End PBXFrameworksBuildPhase section */

/* Begin PBXGroup section */
		B07A0DB82C466667008C0DA1 = {
			isa = PBXGroup;
			children = (
				B07A0DC32C466667008C0DA1 /* DataPunk */,
				B07A0DD62C466668008C0DA1 /* DataPunkTests */,
				B07A0DE02C466668008C0DA1 /* DataPunkUITests */,
				B07A0DC22C466667008C0DA1 /* Products */,
			);
			sourceTree = "<group>";
		};
		B07A0DC22C466667008C0DA1 /* Products */ = {
			isa = PBXGroup;
			children = (
				B07A0DC12C466667008C0DA1 /* DataPunk.app */,
				B07A0DD32C466668008C0DA1 /* DataPunkTests.xctest */,
				B07A0DDD2C466668008C0DA1 /* DataPunkUITests.xctest */,
			);
			name = Products;
			sourceTree = "<group>";
		};
		B07A0DC32C466667008C0DA1 /* DataPunk */ = {
			isa = PBXGroup;
			children = (
				B07A0DC42C466667008C0DA1 /* DataPunkApp.swift */,
				B07A0DC62C466667008C0DA1 /* ContentView.swift */,
				B07A0DC82C466667008C0DA1 /* Item.swift */,
				B07A0DCA2C466668008C0DA1 /* Assets.xcassets */,
				B07A0DCC2C466668008C0DA1 /* Preview Content */,
			);
			path = DataPunk;
			sourceTree = "<group>";
		};
		B07A0DCC2C466668008C0DA1 /* Preview Content */ = {
			isa = PBXGroup;
			children = (
				B07A0DCD2C466668008C0DA1 /* Preview Assets.xcassets */,
			);
			path = "Preview Content";
			sourceTree = "<group>";
		};
		B07A0DD62C466668008C0DA1 /* DataPunkTests */ = {
			isa = PBXGroup;
			children = (
				B07A0DD72C466668008C0DA1 /* DataPunkTests.swift */,
			);
			path = DataPunkTests;
			sourceTree = "<group>";
		};
		B07A0DE02C466668008C0DA1 /* DataPunkUITests */ = {
			isa = PBXGroup;
			children = (
				B07A0DE12C466668008C0DA1 /* DataPunkUITests.swift */,
				B07A0DE32C466668008C0DA1 /* DataPunkUITestsLaunchTests.swift */,
			);
			path = DataPunkUITests;
			sourceTree = "<group>";
		};
/* End PBXGroup section */

/* Begin PBXNativeTarget section */
		B07A0DC02C466667008C0DA1 /* DataPunk */ = {
			isa = PBXNativeTarget;
			buildConfigurationList = B07A0DE72C466668008C0DA1 /* Build configuration list for PBXNativeTarget "DataPunk" */;
			buildPhases = (
				B07A0DBD2C466667008C0DA1 /* Sources */,
				B07A0DBE2C466667008C0DA1 /* Frameworks */,
				B07A0DBF2C466667008C0DA1 /* Resources */,
			);
			buildRules = (
			);
			dependencies = (
			);
			name = DataPunk;
			productName = DataPunk;
			productReference = B07A0DC12C466667008C0DA1 /* DataPunk.app */;
			productType = "com.apple.product-type.application";
		};
		B07A0DD22C466668008C0DA1 /* DataPunkTests */ = {
			isa = PBXNativeTarget;
			buildConfigurationList = B07A0DEA2C466668008C0DA1 /* Build configuration list for PBXNativeTarget "DataPunkTests" */;
			buildPhases = (
				B07A0DCF2C466668008C0DA1 /* Sources */,
				B07A0DD02C466668008C0DA1 /* Frameworks */,
				B07A0DD12C466668008C0DA1 /* Resources */,
			);
			buildRules = (
			);
			dependencies = (
				B07A0DD52C466668008C0DA1 /* PBXTargetDependency */,
			);
			name = DataPunkTests;
			productName = DataPunkTests;
			productReference = B07A0DD32C466668008C0DA1 /* DataPunkTests.xctest */;
			productType = "com.apple.product-type.bundle.unit-test";
		};
		B07A0DDC2C466668008C0DA1 /* DataPunkUITests */ = {
			isa = PBXNativeTarget;
			buildConfigurationList = B07A0DED2C466668008C0DA1 /* Build configuration list for PBXNativeTarget "DataPunkUITests" */;
			buildPhases = (
				B07A0DD92C466668008C0DA1 /* Sources */,
				B07A0DDA2C466668008C0DA1 /* Frameworks */,
				B07A0DDB2C466668008C0DA1 /* Resources */,
			);
			buildRules = (
			);
			dependencies = (
				B07A0DDF2C466668008C0DA1 /* PBXTargetDependency */,
			);
			name = DataPunkUITests;
			productName = DataPunkUITests;
			productReference = B07A0DDD2C466668008C0DA1 /* DataPunkUITests.xctest */;
			productType = "com.apple.product-type.bundle.ui-testing";
		};
/* End PBXNativeTarget section */

/* Begin PBXProject section */
		B07A0DB92C466667008C0DA1 /* Project object */ = {
			isa = PBXProject;
			attributes = {
				BuildIndependentTargetsInParallel = 1;
				LastSwiftUpdateCheck = 1600;
				LastUpgradeCheck = 1600;
				TargetAttributes = {
					B07A0DC02C466667008C0DA1 = {
						CreatedOnToolsVersion = 16.0;
					};
					B07A0DD22C466668008C0DA1 = {
						CreatedOnToolsVersion = 16.0;
						TestTargetID = B07A0DC02C466667008C0DA1;
					};
					B07A0DDC2C466668008C0DA1 = {
						CreatedOnToolsVersion = 16.0;
						TestTargetID = B07A0DC02C466667008C0DA1;
					};
				};
			};
			buildConfigurationList = B07A0DBC2C466667008C0DA1 /* Build configuration list for PBXProject "DataPunk" */;
			compatibilityVersion = "Xcode 15.0";
			developmentRegion = en;
			hasScannedForEncodings = 0;
			knownRegions = (
				en,
				Base,
			);
			mainGroup = B07A0DB82C466667008C0DA1;
			productRefGroup = B07A0DC22C466667008C0DA1 /* Products */;
			projectDirPath = "";
			projectRoot = "";
			targets = (
				B07A0DC02C466667008C0DA1 /* DataPunk */,
				B07A0DD22C466668008C0DA1 /* DataPunkTests */,
				B07A0DDC2C466668008C0DA1 /* DataPunkUITests */,
			);
		};
/* End PBXProject section */

/* Begin PBXResourcesBuildPhase section */
		B07A0DBF2C466667008C0DA1 /* Resources */ = {
			isa = PBXResourcesBuildPhase;
			buildActionMask = 2147483647;
			files = (
				B07A0DCE2C466668008C0DA1 /* Preview Assets.xcassets in Resources */,
				B07A0DCB2C466668008C0DA1 /* Assets.xcassets in Resources */,
			);
			runOnlyForDeploymentPostprocessing = 0;
		};
		B07A0DD12C466668008C0DA1 /* Resources */ = {
			isa = PBXResourcesBuildPhase;
			buildActionMask = 2147483647;
			files = (
			);
			runOnlyForDeploymentPostprocessing = 0;
		};
		B07A0DDB2C466668008C0DA1 /* Resources */ = {
			isa = PBXResourcesBuildPhase;
			buildActionMask = 2147483647;
			files = (
			);
			runOnlyForDeploymentPostprocessing = 0;
		};
/* End PBXResourcesBuildPhase section */

/* Begin PBXSourcesBuildPhase section */
		B07A0DBD2C466667008C0DA1 /* Sources */ = {
			isa = PBXSourcesBuildPhase;
			buildActionMask = 2147483647;
			files = (
				B07A0DC72C466667008C0DA1 /* ContentView.swift in Sources */,
				B07A0DC92C466667008C0DA1 /* Item.swift in Sources */,
				B07A0DC52C466667008C0DA1 /* DataPunkApp.swift in Sources */,
			);
			runOnlyForDeploymentPostprocessing = 0;
		};
		B07A0DCF2C466668008C0DA1 /* Sources */ = {
			isa = PBXSourcesBuildPhase;
			buildActionMask = 2147483647;
			files = (
				B07A0DD82C466668008C0DA1 /* DataPunkTests.swift in Sources */,
			);
			runOnlyForDeploymentPostprocessing = 0;
		};
		B07A0DD92C466668008C0DA1 /* Sources */ = {
			isa = PBXSourcesBuildPhase;
			buildActionMask = 2147483647;
			files = (
				B07A0DE42C466668008C0DA1 /* DataPunkUITestsLaunchTests.swift in Sources */,
				B07A0DE22C466668008C0DA1 /* DataPunkUITests.swift in Sources */,
			);
			runOnlyForDeploymentPostprocessing = 0;
		};
/* End PBXSourcesBuildPhase section */

/* Begin PBXTargetDependency section */
		B07A0DD52C466668008C0DA1 /* PBXTargetDependency */ = {
			isa = PBXTargetDependency;
			target = B07A0DC02C466667008C0DA1 /* DataPunk */;
			targetProxy = B07A0DD42C466668008C0DA1 /* PBXContainerItemProxy */;
		};
		B07A0DDF2C466668008C0DA1 /* PBXTargetDependency */ = {
			isa = PBXTargetDependency;
			target = B07A0DC02C466667008C0DA1 /* DataPunk */;
			targetProxy = B07A0DDE2C466668008C0DA1 /* PBXContainerItemProxy */;
		};
/* End PBXTargetDependency section */

/* Begin XCBuildConfiguration section */
		B07A0DE52C466668008C0DA1 /* Debug */ = {
			isa = XCBuildConfiguration;
			buildSettings = {
				ALWAYS_SEARCH_USER_PATHS = NO;
				ASSETCATALOG_COMPILER_GENERATE_SWIFT_ASSET_SYMBOL_EXTENSIONS = YES;
				CLANG_ANALYZER_NONNULL = YES;
				CLANG_ANALYZER_NUMBER_OBJECT_CONVERSION = YES_AGGRESSIVE;
				CLANG_CXX_LANGUAGE_STANDARD = "gnu++20";
				CLANG_ENABLE_MODULES = YES;
				CLANG_ENABLE_OBJC_ARC = YES;
				CLANG_ENABLE_OBJC_WEAK = YES;
				CLANG_WARN_BLOCK_CAPTURE_AUTORELEASING = YES;
				CLANG_WARN_BOOL_CONVERSION = YES;
				CLANG_WARN_COMMA = YES;
				CLANG_WARN_CONSTANT_CONVERSION = YES;
				CLANG_WARN_DEPRECATED_OBJC_IMPLEMENTATIONS = YES;
				CLANG_WARN_DIRECT_OBJC_ISA_USAGE = YES_ERROR;
				CLANG_WARN_DOCUMENTATION_COMMENTS = YES;
				CLANG_WARN_EMPTY_BODY = YES;
				CLANG_WARN_ENUM_CONVERSION = YES;
				CLANG_WARN_INFINITE_RECURSION = YES;
				CLANG_WARN_INT_CONVERSION = YES;
				CLANG_WARN_NON_LITERAL_NULL_CONVERSION = YES;
				CLANG_WARN_OBJC_IMPLICIT_RETAIN_SELF = YES;
				CLANG_WARN_OBJC_LITERAL_CONVERSION = YES;
				CLANG_WARN_OBJC_ROOT_CLASS = YES_ERROR;
				CLANG_WARN_QUOTED_INCLUDE_IN_FRAMEWORK_HEADER = YES;
				CLANG_WARN_RANGE_LOOP_ANALYSIS = YES;
				CLANG_WARN_STRICT_PROTOTYPES = YES;
				CLANG_WARN_SUSPICIOUS_MOVE = YES;
				CLANG_WARN_UNGUARDED_AVAILABILITY = YES_AGGRESSIVE;
				CLANG_WARN_UNREACHABLE_CODE = YES;
				CLANG_WARN__DUPLICATE_METHOD_MATCH = YES;
				COPY_PHASE_STRIP = NO;
				DEBUG_INFORMATION_FORMAT = dwarf;
				ENABLE_STRICT_OBJC_MSGSEND = YES;
				ENABLE_TESTABILITY = YES;
				ENABLE_USER_SCRIPT_SANDBOXING = YES;
				GCC_C_LANGUAGE_STANDARD = gnu17;
				GCC_DYNAMIC_NO_PIC = NO;
				GCC_NO_COMMON_BLOCKS = YES;
				GCC_OPTIMIZATION_LEVEL = 0;
				GCC_PREPROCESSOR_DEFINITIONS = (
					"DEBUG=1",
					"$(inherited)",
				);
				GCC_WARN_64_TO_32_BIT_CONVERSION = YES;
				GCC_WARN_ABOUT_RETURN_TYPE = YES_ERROR;
				GCC_WARN_UNDECLARED_SELECTOR = YES;
				GCC_WARN_UNINITIALIZED_AUTOS = YES_AGGRESSIVE;
				GCC_WARN_UNUSED_FUNCTION = YES;
				GCC_WARN_UNUSED_VARIABLE = YES;
				IPHONEOS_DEPLOYMENT_TARGET = 18.0;
				LOCALIZATION_PREFERS_STRING_CATALOGS = YES;
				MTL_ENABLE_DEBUG_INFO = INCLUDE_SOURCE;
				MTL_FAST_MATH = YES;
				ONLY_ACTIVE_ARCH = YES;
				SDKROOT = iphoneos;
				SWIFT_ACTIVE_COMPILATION_CONDITIONS = "DEBUG $(inherited)";
				SWIFT_OPTIMIZATION_LEVEL = "-Onone";
			};
			name = Debug;
		};
		B07A0DE62C466668008C0DA1 /* Release */ = {
			isa = XCBuildConfiguration;
			buildSettings = {
				ALWAYS_SEARCH_USER_PATHS = NO;
				ASSETCATALOG_COMPILER_GENERATE_SWIFT_ASSET_SYMBOL_EXTENSIONS = YES;
				CLANG_ANALYZER_NONNULL = YES;
				CLANG_ANALYZER_NUMBER_OBJECT_CONVERSION = YES_AGGRESSIVE;
				CLANG_CXX_LANGUAGE_STANDARD = "gnu++20";
				CLANG_ENABLE_MODULES = YES;
				CLANG_ENABLE_OBJC_ARC = YES;
				CLANG_ENABLE_OBJC_WEAK = YES;
				CLANG_WARN_BLOCK_CAPTURE_AUTORELEASING = YES;
				CLANG_WARN_BOOL_CONVERSION = YES;
				CLANG_WARN_COMMA = YES;
				CLANG_WARN_CONSTANT_CONVERSION = YES;
				CLANG_WARN_DEPRECATED_OBJC_IMPLEMENTATIONS = YES;
				CLANG_WARN_DIRECT_OBJC_ISA_USAGE = YES_ERROR;
				CLANG_WARN_DOCUMENTATION_COMMENTS = YES;
				CLANG_WARN_EMPTY_BODY = YES;
				CLANG_WARN_ENUM_CONVERSION = YES;
				CLANG_WARN_INFINITE_RECURSION = YES;
				CLANG_WARN_INT_CONVERSION = YES;
				CLANG_WARN_NON_LITERAL_NULL_CONVERSION = YES;
				CLANG_WARN_OBJC_IMPLICIT_RETAIN_SELF = YES;
				CLANG_WARN_OBJC_LITERAL_CONVERSION = YES;
				CLANG_WARN_OBJC_ROOT_CLASS = YES_ERROR;
				CLANG_WARN_QUOTED_INCLUDE_IN_FRAMEWORK_HEADER = YES;
				CLANG_WARN_RANGE_LOOP_ANALYSIS = YES;
				CLANG_WARN_STRICT_PROTOTYPES = YES;
				CLANG_WARN_SUSPICIOUS_MOVE = YES;
				CLANG_WARN_UNGUARDED_AVAILABILITY = YES_AGGRESSIVE;
				CLANG_WARN_UNREACHABLE_CODE = YES;
				CLANG_WARN__DUPLICATE_METHOD_MATCH = YES;
				COPY_PHASE_STRIP = NO;
				DEBUG_INFORMATION_FORMAT = "dwarf-with-dsym";
				ENABLE_NS_ASSERTIONS = NO;
				ENABLE_STRICT_OBJC_MSGSEND = YES;
				ENABLE_USER_SCRIPT_SANDBOXING = YES;
				GCC_C_LANGUAGE_STANDARD = gnu17;
				GCC_NO_COMMON_BLOCKS = YES;
				GCC_WARN_64_TO_32_BIT_CONVERSION = YES;
				GCC_WARN_ABOUT_RETURN_TYPE = YES_ERROR;
				GCC_WARN_UNDECLARED_SELECTOR = YES;
				GCC_WARN_UNINITIALIZED_AUTOS = YES_AGGRESSIVE;
				GCC_WARN_UNUSED_FUNCTION = YES;
				GCC_WARN_UNUSED_VARIABLE = YES;
				IPHONEOS_DEPLOYMENT_TARGET = 18.0;
				LOCALIZATION_PREFERS_STRING_CATALOGS = YES;
				MTL_ENABLE_DEBUG_INFO = NO;
				MTL_FAST_MATH = YES;
				SDKROOT = iphoneos;
				SWIFT_COMPILATION_MODE = wholemodule;
				VALIDATE_PRODUCT = YES;
			};
			name = Release;
		};
		B07A0DE82C466668008C0DA1 /* Debug */ = {
			isa = XCBuildConfiguration;
			buildSettings = {
				ASSETCATALOG_COMPILER_APPICON_NAME = AppIcon;
				ASSETCATALOG_COMPILER_GLOBAL_ACCENT_COLOR_NAME = AccentColor;
				CODE_SIGN_STYLE = Automatic;
				CURRENT_PROJECT_VERSION = 1;
				DEVELOPMENT_ASSET_PATHS = "\"DataPunk/Preview Content\"";
				DEVELOPMENT_TEAM = T57PLMJKEL;
				ENABLE_PREVIEWS = YES;
				GENERATE_INFOPLIST_FILE = YES;
				INFOPLIST_KEY_UIApplicationSceneManifest_Generation = YES;
				INFOPLIST_KEY_UIApplicationSupportsIndirectInputEvents = YES;
				INFOPLIST_KEY_UILaunchScreen_Generation = YES;
				INFOPLIST_KEY_UISupportedInterfaceOrientations_iPad = "UIInterfaceOrientationPortrait UIInterfaceOrientationPortraitUpsideDown UIInterfaceOrientationLandscapeLeft UIInterfaceOrientationLandscapeRight";
				INFOPLIST_KEY_UISupportedInterfaceOrientations_iPhone = "UIInterfaceOrientationPortrait UIInterfaceOrientationLandscapeLeft UIInterfaceOrientationLandscapeRight";
				LD_RUNPATH_SEARCH_PATHS = (
					"$(inherited)",
					"@executable_path/Frameworks",
				);
				MARKETING_VERSION = 1.0;
				PRODUCT_BUNDLE_IDENTIFIER = org.rcex.DataPunk;
				PRODUCT_NAME = "$(TARGET_NAME)";
				SWIFT_EMIT_LOC_STRINGS = YES;
				SWIFT_VERSION = 5.0;
				TARGETED_DEVICE_FAMILY = "1,2";
			};
			name = Debug;
		};
		B07A0DE92C466668008C0DA1 /* Release */ = {
			isa = XCBuildConfiguration;
			buildSettings = {
				ASSETCATALOG_COMPILER_APPICON_NAME = AppIcon;
				ASSETCATALOG_COMPILER_GLOBAL_ACCENT_COLOR_NAME = AccentColor;
				CODE_SIGN_STYLE = Automatic;
				CURRENT_PROJECT_VERSION = 1;
				DEVELOPMENT_ASSET_PATHS = "\"DataPunk/Preview Content\"";
				DEVELOPMENT_TEAM = T57PLMJKEL;
				ENABLE_PREVIEWS = YES;
				GENERATE_INFOPLIST_FILE = YES;
				INFOPLIST_KEY_UIApplicationSceneManifest_Generation = YES;
				INFOPLIST_KEY_UIApplicationSupportsIndirectInputEvents = YES;
				INFOPLIST_KEY_UILaunchScreen_Generation = YES;
				INFOPLIST_KEY_UISupportedInterfaceOrientations_iPad = "UIInterfaceOrientationPortrait UIInterfaceOrientationPortraitUpsideDown UIInterfaceOrientationLandscapeLeft UIInterfaceOrientationLandscapeRight";
				INFOPLIST_KEY_UISupportedInterfaceOrientations_iPhone = "UIInterfaceOrientationPortrait UIInterfaceOrientationLandscapeLeft UIInterfaceOrientationLandscapeRight";
				LD_RUNPATH_SEARCH_PATHS = (
					"$(inherited)",
					"@executable_path/Frameworks",
				);
				MARKETING_VERSION = 1.0;
				PRODUCT_BUNDLE_IDENTIFIER = org.rcex.DataPunk;
				PRODUCT_NAME = "$(TARGET_NAME)";
				SWIFT_EMIT_LOC_STRINGS = YES;
				SWIFT_VERSION = 5.0;
				TARGETED_DEVICE_FAMILY = "1,2";
			};
			name = Release;
		};
		B07A0DEB2C466668008C0DA1 /* Debug */ = {
			isa = XCBuildConfiguration;
			buildSettings = {
				BUNDLE_LOADER = "$(TEST_HOST)";
				CODE_SIGN_STYLE = Automatic;
				CURRENT_PROJECT_VERSION = 1;
				DEVELOPMENT_TEAM = T57PLMJKEL;
				GENERATE_INFOPLIST_FILE = YES;
				IPHONEOS_DEPLOYMENT_TARGET = 18.0;
				MARKETING_VERSION = 1.0;
				PRODUCT_BUNDLE_IDENTIFIER = org.rcex.DataPunkTests;
				PRODUCT_NAME = "$(TARGET_NAME)";
				SWIFT_EMIT_LOC_STRINGS = NO;
				SWIFT_VERSION = 5.0;
				TARGETED_DEVICE_FAMILY = "1,2";
				TEST_HOST = "$(BUILT_PRODUCTS_DIR)/DataPunk.app/$(BUNDLE_EXECUTABLE_FOLDER_PATH)/DataPunk";
			};
			name = Debug;
		};
		B07A0DEC2C466668008C0DA1 /* Release */ = {
			isa = XCBuildConfiguration;
			buildSettings = {
				BUNDLE_LOADER = "$(TEST_HOST)";
				CODE_SIGN_STYLE = Automatic;
				CURRENT_PROJECT_VERSION = 1;
				DEVELOPMENT_TEAM = T57PLMJKEL;
				GENERATE_INFOPLIST_FILE = YES;
				IPHONEOS_DEPLOYMENT_TARGET = 18.0;
				MARKETING_VERSION = 1.0;
				PRODUCT_BUNDLE_IDENTIFIER = org.rcex.DataPunkTests;
				PRODUCT_NAME = "$(TARGET_NAME)";
				SWIFT_EMIT_LOC_STRINGS = NO;
				SWIFT_VERSION = 5.0;
				TARGETED_DEVICE_FAMILY = "1,2";
				TEST_HOST = "$(BUILT_PRODUCTS_DIR)/DataPunk.app/$(BUNDLE_EXECUTABLE_FOLDER_PATH)/DataPunk";
			};
			name = Release;
		};
		B07A0DEE2C466668008C0DA1 /* Debug */ = {
			isa = XCBuildConfiguration;
			buildSettings = {
				CODE_SIGN_STYLE = Automatic;
				CURRENT_PROJECT_VERSION = 1;
				DEVELOPMENT_TEAM = T57PLMJKEL;
				GENERATE_INFOPLIST_FILE = YES;
				MARKETING_VERSION = 1.0;
				PRODUCT_BUNDLE_IDENTIFIER = org.rcex.DataPunkUITests;
				PRODUCT_NAME = "$(TARGET_NAME)";
				SWIFT_EMIT_LOC_STRINGS = NO;
				SWIFT_VERSION = 5.0;
				TARGETED_DEVICE_FAMILY = "1,2";
				TEST_TARGET_NAME = DataPunk;
			};
			name = Debug;
		};
		B07A0DEF2C466668008C0DA1 /* Release */ = {
			isa = XCBuildConfiguration;
			buildSettings = {
				CODE_SIGN_STYLE = Automatic;
				CURRENT_PROJECT_VERSION = 1;
				DEVELOPMENT_TEAM = T57PLMJKEL;
				GENERATE_INFOPLIST_FILE = YES;
				MARKETING_VERSION = 1.0;
				PRODUCT_BUNDLE_IDENTIFIER = org.rcex.DataPunkUITests;
				PRODUCT_NAME = "$(TARGET_NAME)";
				SWIFT_EMIT_LOC_STRINGS = NO;
				SWIFT_VERSION = 5.0;
				TARGETED_DEVICE_FAMILY = "1,2";
				TEST_TARGET_NAME = DataPunk;
			};
			name = Release;
		};
/* End XCBuildConfiguration section */

/* Begin XCConfigurationList section */
		B07A0DBC2C466667008C0DA1 /* Build configuration list for PBXProject "DataPunk" */ = {
			isa = XCConfigurationList;
			buildConfigurations = (
				B07A0DE52C466668008C0DA1 /* Debug */,
				B07A0DE62C466668008C0DA1 /* Release */,
			);
			defaultConfigurationIsVisible = 0;
			defaultConfigurationName = Release;
		};
		B07A0DE72C466668008C0DA1 /* Build configuration list for PBXNativeTarget "DataPunk" */ = {
			isa = XCConfigurationList;
			buildConfigurations = (
				B07A0DE82C466668008C0DA1 /* Debug */,
				B07A0DE92C466668008C0DA1 /* Release */,
			);
			defaultConfigurationIsVisible = 0;
			defaultConfigurationName = Release;
		};
		B07A0DEA2C466668008C0DA1 /* Build configuration list for PBXNativeTarget "DataPunkTests" */ = {
			isa = XCConfigurationList;
			buildConfigurations = (
				B07A0DEB2C466668008C0DA1 /* Debug */,
				B07A0DEC2C466668008C0DA1 /* Release */,
			);
			defaultConfigurationIsVisible = 0;
			defaultConfigurationName = Release;
		};
		B07A0DED2C466668008C0DA1 /* Build configuration list for PBXNativeTarget "DataPunkUITests" */ = {
			isa = XCConfigurationList;
			buildConfigurations = (
				B07A0DEE2C466668008C0DA1 /* Debug */,
				B07A0DEF2C466668008C0DA1 /* Release */,
			);
			defaultConfigurationIsVisible = 0;
			defaultConfigurationName = Release;
		};
/* End XCConfigurationList section */
	};
	rootObject = B07A0DB92C466667008C0DA1 /* Project object */;
}
